
Microsoft Visual Studio Solution File, Format Version 12.00
# Visual Studio 15
VisualStudioVersion = 15.0.26730.3
MinimumVisualStudioVersion = 10.0.40219.1
Project("{FAE04EC0-301F-11D3-BF4B-00C04F79EFBC}") = "PetStore.Data", "PetStore.Data\PetStore.Data.csproj", "{3EFED418-83F6-41E1-9DC2-217F48208A17}"
EndProject
Project("{FAE04EC0-301F-11D3-BF4B-00C04F79EFBC}") = "PetStore.Web", "PetStore.Web\PetStore.Web.csproj", "{B860B02F-A87A-46B5-BA9E-7B3210EB0ACE}"
EndProject
Global
	GlobalSection(SolutionConfigurationPlatforms) = preSolution
		Debug|Any CPU = Debug|Any CPU
		Release|Any CPU = Release|Any CPU
	EndGlobalSection
	GlobalSection(ProjectConfigurationPlatforms) = postSolution
		{3EFED418-83F6-41E1-9DC2-217F48208A17}.Debug|Any CPU.ActiveCfg = Debug|Any CPU
		{3EFED418-83F6-41E1-9DC2-217F48208A17}.Debug|Any CPU.Build.0 = Debug|Any CPU
		{3EFED418-83F6-41E1-9DC2-217F48208A17}.Release|Any CPU.ActiveCfg = Release|Any CPU
		{3EFED418-83F6-41E1-9DC2-217F48208A17}.Release|Any CPU.Build.0 = Release|Any CPU
		{B860B02F-A87A-46B5-BA9E-7B3210EB0ACE}.Debug|Any CPU.ActiveCfg = Debug|Any CPU
		{B860B02F-A87A-46B5-BA9E-7B3210EB0ACE}.Debug|Any CPU.Build.0 = Debug|Any CPU
		{B860B02F-A87A-46B5-BA9E-7B3210EB0ACE}.Release|Any CPU.ActiveCfg = Release|Any CPU
		{B860B02F-A87A-46B5-BA9E-7B3210EB0ACE}.Release|Any CPU.Build.0 = Release|Any CPU
	EndGlobalSection
	GlobalSection(SolutionProperties) = preSolution
		HideSolutionNode = FALSE
	EndGlobalSection
	GlobalSection(ExtensibilityGlobals) = postSolution
		SolutionGuid = {B81A5F6B-AAB2-46B9-A260-87EDD21471E4}
	EndGlobalSection
EndGlobal
